// !$*UTF8*$!
{
	archiveVersion = 1;
	classes = {
	};
	objectVersion = 50;
	objects = {

/* Begin PBXBuildFile section */
		186506262219F5AC0070B52C /* LoginViewController.swift in Sources */ = {isa = PBXBuildFile; fileRef = 186506252219F5AC0070B52C /* LoginViewController.swift */; };
		186506282219F5BA0070B52C /* FeedViewController.swift in Sources */ = {isa = PBXBuildFile; fileRef = 186506272219F5BA0070B52C /* FeedViewController.swift */; };
		18CF7241221A20050034DECC /* CameraViewController.swift in Sources */ = {isa = PBXBuildFile; fileRef = 18CF7240221A20050034DECC /* CameraViewController.swift */; };
		18CF7243221A2BE00034DECC /* PostCell.swift in Sources */ = {isa = PBXBuildFile; fileRef = 18CF7242221A2BE00034DECC /* PostCell.swift */; };
		18DD507F2219EB7D002B3DCD /* AppDelegate.swift in Sources */ = {isa = PBXBuildFile; fileRef = 18DD507E2219EB7D002B3DCD /* AppDelegate.swift */; };
		18DD50842219EB7D002B3DCD /* Main.storyboard in Resources */ = {isa = PBXBuildFile; fileRef = 18DD50822219EB7D002B3DCD /* Main.storyboard */; };
		18DD50862219EB7F002B3DCD /* Assets.xcassets in Resources */ = {isa = PBXBuildFile; fileRef = 18DD50852219EB7F002B3DCD /* Assets.xcassets */; };
		18DD50892219EB7F002B3DCD /* LaunchScreen.storyboard in Resources */ = {isa = PBXBuildFile; fileRef = 18DD50872219EB7F002B3DCD /* LaunchScreen.storyboard */; };
		18DD50942219EB7F002B3DCD /* ParstagramTests.swift in Sources */ = {isa = PBXBuildFile; fileRef = 18DD50932219EB7F002B3DCD /* ParstagramTests.swift */; };
		18DD509F2219EB7F002B3DCD /* ParstagramUITests.swift in Sources */ = {isa = PBXBuildFile; fileRef = 18DD509E2219EB7F002B3DCD /* ParstagramUITests.swift */; };
		1AA3F9381900CB53DAF7A546 /* Pods_ParstagramTests.framework in Frameworks */ = {isa = PBXBuildFile; fileRef = 6AA3A5AEAF4FBD6E6B9FD95F /* Pods_ParstagramTests.framework */; };
		24892EEE77B3BB21C9A33DD8 /* Pods_Parstagram.framework in Frameworks */ = {isa = PBXBuildFile; fileRef = 0E4A4C5CE4CEFAA900A95A32 /* Pods_Parstagram.framework */; };
		F4009C5D5039821705FC983F /* Pods_ParstagramUITests.framework in Frameworks */ = {isa = PBXBuildFile; fileRef = 168818ED178E85ABB5045F51 /* Pods_ParstagramUITests.framework */; };
/* End PBXBuildFile section */

/* Begin PBXContainerItemProxy section */
		18DD50902219EB7F002B3DCD /* PBXContainerItemProxy */ = {
			isa = PBXContainerItemProxy;
			containerPortal = 18DD50732219EB7D002B3DCD /* Project object */;
			proxyType = 1;
			remoteGlobalIDString = 18DD507A2219EB7D002B3DCD;
			remoteInfo = Parstagram;
		};
		18DD509B2219EB7F002B3DCD /* PBXContainerItemProxy */ = {
			isa = PBXContainerItemProxy;
			containerPortal = 18DD50732219EB7D002B3DCD /* Project object */;
			proxyType = 1;
			remoteGlobalIDString = 18DD507A2219EB7D002B3DCD;
			remoteInfo = Parstagram;
		};
/* End PBXContainerItemProxy section */

/* Begin PBXFileReference section */
		0E4A4C5CE4CEFAA900A95A32 /* Pods_Parstagram.framework */ = {isa = PBXFileReference; explicitFileType = wrapper.framework; includeInIndex = 0; path = Pods_Parstagram.framework; sourceTree = BUILT_PRODUCTS_DIR; };
		168818ED178E85ABB5045F51 /* Pods_ParstagramUITests.framework */ = {isa = PBXFileReference; explicitFileType = wrapper.framework; includeInIndex = 0; path = Pods_ParstagramUITests.framework; sourceTree = BUILT_PRODUCTS_DIR; };
		186506252219F5AC0070B52C /* LoginViewController.swift */ = {isa = PBXFileReference; lastKnownFileType = sourcecode.swift; path = LoginViewController.swift; sourceTree = "<group>"; };
		186506272219F5BA0070B52C /* FeedViewController.swift */ = {isa = PBXFileReference; lastKnownFileType = sourcecode.swift; path = FeedViewController.swift; sourceTree = "<group>"; };
		18CF7240221A20050034DECC /* CameraViewController.swift */ = {isa = PBXFileReference; lastKnownFileType = sourcecode.swift; path = CameraViewController.swift; sourceTree = "<group>"; };
		18CF7242221A2BE00034DECC /* PostCell.swift */ = {isa = PBXFileReference; lastKnownFileType = sourcecode.swift; path = PostCell.swift; sourceTree = "<group>"; };
		18DD507B2219EB7D002B3DCD /* Parstagram.app */ = {isa = PBXFileReference; explicitFileType = wrapper.application; includeInIndex = 0; path = Parstagram.app; sourceTree = BUILT_PRODUCTS_DIR; };
		18DD507E2219EB7D002B3DCD /* AppDelegate.swift */ = {isa = PBXFileReference; lastKnownFileType = sourcecode.swift; path = AppDelegate.swift; sourceTree = "<group>"; };
		18DD50832219EB7D002B3DCD /* Base */ = {isa = PBXFileReference; lastKnownFileType = file.storyboard; name = Base; path = Base.lproj/Main.storyboard; sourceTree = "<group>"; };
		18DD50852219EB7F002B3DCD /* Assets.xcassets */ = {isa = PBXFileReference; lastKnownFileType = folder.assetcatalog; path = Assets.xcassets; sourceTree = "<group>"; };
		18DD50882219EB7F002B3DCD /* Base */ = {isa = PBXFileReference; lastKnownFileType = file.storyboard; name = Base; path = Base.lproj/LaunchScreen.storyboard; sourceTree = "<group>"; };
		18DD508A2219EB7F002B3DCD /* Info.plist */ = {isa = PBXFileReference; lastKnownFileType = text.plist.xml; path = Info.plist; sourceTree = "<group>"; };
		18DD508F2219EB7F002B3DCD /* ParstagramTests.xctest */ = {isa = PBXFileReference; explicitFileType = wrapper.cfbundle; includeInIndex = 0; path = ParstagramTests.xctest; sourceTree = BUILT_PRODUCTS_DIR; };
		18DD50932219EB7F002B3DCD /* ParstagramTests.swift */ = {isa = PBXFileReference; lastKnownFileType = sourcecode.swift; path = ParstagramTests.swift; sourceTree = "<group>"; };
		18DD50952219EB7F002B3DCD /* Info.plist */ = {isa = PBXFileReference; lastKnownFileType = text.plist.xml; path = Info.plist; sourceTree = "<group>"; };
		18DD509A2219EB7F002B3DCD /* ParstagramUITests.xctest */ = {isa = PBXFileReference; explicitFileType = wrapper.cfbundle; includeInIndex = 0; path = ParstagramUITests.xctest; sourceTree = BUILT_PRODUCTS_DIR; };
		18DD509E2219EB7F002B3DCD /* ParstagramUITests.swift */ = {isa = PBXFileReference; lastKnownFileType = sourcecode.swift; path = ParstagramUITests.swift; sourceTree = "<group>"; };
		18DD50A02219EB7F002B3DCD /* Info.plist */ = {isa = PBXFileReference; lastKnownFileType = text.plist.xml; path = Info.plist; sourceTree = "<group>"; };
		27C80008C4D26CB2FA2ED18A /* Pods-ParstagramTests.debug.xcconfig */ = {isa = PBXFileReference; includeInIndex = 1; lastKnownFileType = text.xcconfig; name = "Pods-ParstagramTests.debug.xcconfig"; path = "Pods/Target Support Files/Pods-ParstagramTests/Pods-ParstagramTests.debug.xcconfig"; sourceTree = "<group>"; };
		65BDCF07AA61740A67DB79F0 /* Pods-ParstagramTests.release.xcconfig */ = {isa = PBXFileReference; includeInIndex = 1; lastKnownFileType = text.xcconfig; name = "Pods-ParstagramTests.release.xcconfig"; path = "Pods/Target Support Files/Pods-ParstagramTests/Pods-ParstagramTests.release.xcconfig"; sourceTree = "<group>"; };
		6AA3A5AEAF4FBD6E6B9FD95F /* Pods_ParstagramTests.framework */ = {isa = PBXFileReference; explicitFileType = wrapper.framework; includeInIndex = 0; path = Pods_ParstagramTests.framework; sourceTree = BUILT_PRODUCTS_DIR; };
		AA31794A6B6D0057C9271F0F /* Pods-ParstagramUITests.release.xcconfig */ = {isa = PBXFileReference; includeInIndex = 1; lastKnownFileType = text.xcconfig; name = "Pods-ParstagramUITests.release.xcconfig"; path = "Pods/Target Support Files/Pods-ParstagramUITests/Pods-ParstagramUITests.release.xcconfig"; sourceTree = "<group>"; };
		B043368D377C677D9BA56FC1 /* Pods-Parstagram.release.xcconfig */ = {isa = PBXFileReference; includeInIndex = 1; lastKnownFileType = text.xcconfig; name = "Pods-Parstagram.release.xcconfig"; path = "Pods/Target Support Files/Pods-Parstagram/Pods-Parstagram.release.xcconfig"; sourceTree = "<group>"; };
		CAB84B696A28C26C963B19AC /* Pods-ParstagramUITests.debug.xcconfig */ = {isa = PBXFileReference; includeInIndex = 1; lastKnownFileType = text.xcconfig; name = "Pods-ParstagramUITests.debug.xcconfig"; path = "Pods/Target Support Files/Pods-ParstagramUITests/Pods-ParstagramUITests.debug.xcconfig"; sourceTree = "<group>"; };
		F429B998C937490B7D39EDC1 /* Pods-Parstagram.debug.xcconfig */ = {isa = PBXFileReference; includeInIndex = 1; lastKnownFileType = text.xcconfig; name = "Pods-Parstagram.debug.xcconfig"; path = "Pods/Target Support Files/Pods-Parstagram/Pods-Parstagram.debug.xcconfig"; sourceTree = "<group>"; };
/* End PBXFileReference section */

/* Begin PBXFrameworksBuildPhase section */
		18DD50782219EB7D002B3DCD /* Frameworks */ = {
			isa = PBXFrameworksBuildPhase;
			buildActionMask = 2147483647;
			files = (
				24892EEE77B3BB21C9A33DD8 /* Pods_Parstagram.framework in Frameworks */,
			);
			runOnlyForDeploymentPostprocessing = 0;
		};
		18DD508C2219EB7F002B3DCD /* Frameworks */ = {
			isa = PBXFrameworksBuildPhase;
			buildActionMask = 2147483647;
			files = (
				1AA3F9381900CB53DAF7A546 /* Pods_ParstagramTests.framework in Frameworks */,
			);
			runOnlyForDeploymentPostprocessing = 0;
		};
		18DD50972219EB7F002B3DCD /* Frameworks */ = {
			isa = PBXFrameworksBuildPhase;
			buildActionMask = 2147483647;
			files = (
				F4009C5D5039821705FC983F /* Pods_ParstagramUITests.framework in Frameworks */,
			);
			runOnlyForDeploymentPostprocessing = 0;
		};
/* End PBXFrameworksBuildPhase section */

/* Begin PBXGroup section */
		17A8E041176D3CA4D70A6BC0 /* Frameworks */ = {
			isa = PBXGroup;
			children = (
				0E4A4C5CE4CEFAA900A95A32 /* Pods_Parstagram.framework */,
				6AA3A5AEAF4FBD6E6B9FD95F /* Pods_ParstagramTests.framework */,
				168818ED178E85ABB5045F51 /* Pods_ParstagramUITests.framework */,
			);
			name = Frameworks;
			sourceTree = "<group>";
		};
		18DD50722219EB7D002B3DCD = {
			isa = PBXGroup;
			children = (
				18DD507D2219EB7D002B3DCD /* Parstagram */,
				18DD50922219EB7F002B3DCD /* ParstagramTests */,
				18DD509D2219EB7F002B3DCD /* ParstagramUITests */,
				18DD507C2219EB7D002B3DCD /* Products */,
				8FFA2C3B4D3B77A92B4B87DB /* Pods */,
				17A8E041176D3CA4D70A6BC0 /* Frameworks */,
			);
			sourceTree = "<group>";
		};
		18DD507C2219EB7D002B3DCD /* Products */ = {
			isa = PBXGroup;
			children = (
				18DD507B2219EB7D002B3DCD /* Parstagram.app */,
				18DD508F2219EB7F002B3DCD /* ParstagramTests.xctest */,
				18DD509A2219EB7F002B3DCD /* ParstagramUITests.xctest */,
			);
			name = Products;
			sourceTree = "<group>";
		};
		18DD507D2219EB7D002B3DCD /* Parstagram */ = {
			isa = PBXGroup;
			children = (
				18DD507E2219EB7D002B3DCD /* AppDelegate.swift */,
				18DD50822219EB7D002B3DCD /* Main.storyboard */,
				18DD50852219EB7F002B3DCD /* Assets.xcassets */,
				18DD50872219EB7F002B3DCD /* LaunchScreen.storyboard */,
				18DD508A2219EB7F002B3DCD /* Info.plist */,
				186506252219F5AC0070B52C /* LoginViewController.swift */,
				186506272219F5BA0070B52C /* FeedViewController.swift */,
				18CF7240221A20050034DECC /* CameraViewController.swift */,
				18CF7242221A2BE00034DECC /* PostCell.swift */,
			);
			path = Parstagram;
			sourceTree = "<group>";
		};
		18DD50922219EB7F002B3DCD /* ParstagramTests */ = {
			isa = PBXGroup;
			children = (
				18DD50932219EB7F002B3DCD /* ParstagramTests.swift */,
				18DD50952219EB7F002B3DCD /* Info.plist */,
			);
			path = ParstagramTests;
			sourceTree = "<group>";
		};
		18DD509D2219EB7F002B3DCD /* ParstagramUITests */ = {
			isa = PBXGroup;
			children = (
				18DD509E2219EB7F002B3DCD /* ParstagramUITests.swift */,
				18DD50A02219EB7F002B3DCD /* Info.plist */,
			);
			path = ParstagramUITests;
			sourceTree = "<group>";
		};
		8FFA2C3B4D3B77A92B4B87DB /* Pods */ = {
			isa = PBXGroup;
			children = (
				F429B998C937490B7D39EDC1 /* Pods-Parstagram.debug.xcconfig */,
				B043368D377C677D9BA56FC1 /* Pods-Parstagram.release.xcconfig */,
				27C80008C4D26CB2FA2ED18A /* Pods-ParstagramTests.debug.xcconfig */,
				65BDCF07AA61740A67DB79F0 /* Pods-ParstagramTests.release.xcconfig */,
				CAB84B696A28C26C963B19AC /* Pods-ParstagramUITests.debug.xcconfig */,
				AA31794A6B6D0057C9271F0F /* Pods-ParstagramUITests.release.xcconfig */,
			);
			name = Pods;
			sourceTree = "<group>";
		};
/* End PBXGroup section */

/* Begin PBXNativeTarget section */
		18DD507A2219EB7D002B3DCD /* Parstagram */ = {
			isa = PBXNativeTarget;
			buildConfigurationList = 18DD50A32219EB7F002B3DCD /* Build configuration list for PBXNativeTarget "Parstagram" */;
			buildPhases = (
				1E6D8D611C6A3FAA6D43CB8B /* [CP] Check Pods Manifest.lock */,
				18DD50772219EB7D002B3DCD /* Sources */,
				18DD50782219EB7D002B3DCD /* Frameworks */,
				18DD50792219EB7D002B3DCD /* Resources */,
				016F4275F9A4D9BFD79DB0CD /* [CP] Embed Pods Frameworks */,
			);
			buildRules = (
			);
			dependencies = (
			);
			name = Parstagram;
			productName = Parstagram;
			productReference = 18DD507B2219EB7D002B3DCD /* Parstagram.app */;
			productType = "com.apple.product-type.application";
		};
		18DD508E2219EB7F002B3DCD /* ParstagramTests */ = {
			isa = PBXNativeTarget;
			buildConfigurationList = 18DD50A62219EB7F002B3DCD /* Build configuration list for PBXNativeTarget "ParstagramTests" */;
			buildPhases = (
				96D72F8E250C3D11DF994F6D /* [CP] Check Pods Manifest.lock */,
				18DD508B2219EB7F002B3DCD /* Sources */,
				18DD508C2219EB7F002B3DCD /* Frameworks */,
				18DD508D2219EB7F002B3DCD /* Resources */,
			);
			buildRules = (
			);
			dependencies = (
				18DD50912219EB7F002B3DCD /* PBXTargetDependency */,
			);
			name = ParstagramTests;
			productName = ParstagramTests;
			productReference = 18DD508F2219EB7F002B3DCD /* ParstagramTests.xctest */;
			productType = "com.apple.product-type.bundle.unit-test";
		};
		18DD50992219EB7F002B3DCD /* ParstagramUITests */ = {
			isa = PBXNativeTarget;
			buildConfigurationList = 18DD50A92219EB7F002B3DCD /* Build configuration list for PBXNativeTarget "ParstagramUITests" */;
			buildPhases = (
				E841DABBE57F4CBDB792F3EE /* [CP] Check Pods Manifest.lock */,
				18DD50962219EB7F002B3DCD /* Sources */,
				18DD50972219EB7F002B3DCD /* Frameworks */,
				18DD50982219EB7F002B3DCD /* Resources */,
			);
			buildRules = (
			);
			dependencies = (
				18DD509C2219EB7F002B3DCD /* PBXTargetDependency */,
			);
			name = ParstagramUITests;
			productName = ParstagramUITests;
			productReference = 18DD509A2219EB7F002B3DCD /* ParstagramUITests.xctest */;
			productType = "com.apple.product-type.bundle.ui-testing";
		};
/* End PBXNativeTarget section */

/* Begin PBXProject section */
		18DD50732219EB7D002B3DCD /* Project object */ = {
			isa = PBXProject;
			attributes = {
				LastSwiftUpdateCheck = 1010;
				LastUpgradeCheck = 1010;
				ORGANIZATIONNAME = codepath;
				TargetAttributes = {
					18DD507A2219EB7D002B3DCD = {
						CreatedOnToolsVersion = 10.1;
					};
					18DD508E2219EB7F002B3DCD = {
						CreatedOnToolsVersion = 10.1;
						TestTargetID = 18DD507A2219EB7D002B3DCD;
					};
					18DD50992219EB7F002B3DCD = {
						CreatedOnToolsVersion = 10.1;
						TestTargetID = 18DD507A2219EB7D002B3DCD;
					};
				};
			};
			buildConfigurationList = 18DD50762219EB7D002B3DCD /* Build configuration list for PBXProject "Parstagram" */;
			compatibilityVersion = "Xcode 9.3";
			developmentRegion = en;
			hasScannedForEncodings = 0;
			knownRegions = (
				en,
				Base,
			);
			mainGroup = 18DD50722219EB7D002B3DCD;
			productRefGroup = 18DD507C2219EB7D002B3DCD /* Products */;
			projectDirPath = "";
			projectRoot = "";
			targets = (
				18DD507A2219EB7D002B3DCD /* Parstagram */,
				18DD508E2219EB7F002B3DCD /* ParstagramTests */,
				18DD50992219EB7F002B3DCD /* ParstagramUITests */,
			);
		};
/* End PBXProject section */

/* Begin PBXResourcesBuildPhase section */
		18DD50792219EB7D002B3DCD /* Resources */ = {
			isa = PBXResourcesBuildPhase;
			buildActionMask = 2147483647;
			files = (
				18DD50892219EB7F002B3DCD /* LaunchScreen.storyboard in Resources */,
				18DD50862219EB7F002B3DCD /* Assets.xcassets in Resources */,
				18DD50842219EB7D002B3DCD /* Main.storyboard in Resources */,
			);
			runOnlyForDeploymentPostprocessing = 0;
		};
		18DD508D2219EB7F002B3DCD /* Resources */ = {
			isa = PBXResourcesBuildPhase;
			buildActionMask = 2147483647;
			files = (
			);
			runOnlyForDeploymentPostprocessing = 0;
		};
		18DD50982219EB7F002B3DCD /* Resources */ = {
			isa = PBXResourcesBuildPhase;
			buildActionMask = 2147483647;
			files = (
			);
			runOnlyForDeploymentPostprocessing = 0;
		};
/* End PBXResourcesBuildPhase section */

/* Begin PBXShellScriptBuildPhase section */
		016F4275F9A4D9BFD79DB0CD /* [CP] Embed Pods Frameworks */ = {
			isa = PBXShellScriptBuildPhase;
			buildActionMask = 2147483647;
			files = (
			);
			inputFileListPaths = (
			);
			inputPaths = (
				"${SRCROOT}/Pods/Target Support Files/Pods-Parstagram/Pods-Parstagram-frameworks.sh",
				"${BUILT_PRODUCTS_DIR}/Alamofire/Alamofire.framework",
				"${BUILT_PRODUCTS_DIR}/AlamofireImage/AlamofireImage.framework",
				"${BUILT_PRODUCTS_DIR}/Bolts/Bolts.framework",
				"${BUILT_PRODUCTS_DIR}/Parse/Parse.framework",
			);
			name = "[CP] Embed Pods Frameworks";
			outputFileListPaths = (
			);
			outputPaths = (
				"${TARGET_BUILD_DIR}/${FRAMEWORKS_FOLDER_PATH}/Alamofire.framework",
				"${TARGET_BUILD_DIR}/${FRAMEWORKS_FOLDER_PATH}/AlamofireImage.framework",
				"${TARGET_BUILD_DIR}/${FRAMEWORKS_FOLDER_PATH}/Bolts.framework",
				"${TARGET_BUILD_DIR}/${FRAMEWORKS_FOLDER_PATH}/Parse.framework",
			);
			runOnlyForDeploymentPostprocessing = 0;
			shellPath = /bin/sh;
			shellScript = "\"${SRCROOT}/Pods/Target Support Files/Pods-Parstagram/Pods-Parstagram-frameworks.sh\"\n";
			showEnvVarsInLog = 0;
		};
		1E6D8D611C6A3FAA6D43CB8B /* [CP] Check Pods Manifest.lock */ = {
			isa = PBXShellScriptBuildPhase;
			buildActionMask = 2147483647;
			files = (
			);
			inputFileListPaths = (
			);
			inputPaths = (
				"${PODS_PODFILE_DIR_PATH}/Podfile.lock",
				"${PODS_ROOT}/Manifest.lock",
			);
			name = "[CP] Check Pods Manifest.lock";
			outputFileListPaths = (
			);
			outputPaths = (
				"$(DERIVED_FILE_DIR)/Pods-Parstagram-checkManifestLockResult.txt",
			);
			runOnlyForDeploymentPostprocessing = 0;
			shellPath = /bin/sh;
			shellScript = "diff \"${PODS_PODFILE_DIR_PATH}/Podfile.lock\" \"${PODS_ROOT}/Manifest.lock\" > /dev/null\nif [ $? != 0 ] ; then\n    # print error to STDERR\n    echo \"error: The sandbox is not in sync with the Podfile.lock. Run 'pod install' or update your CocoaPods installation.\" >&2\n    exit 1\nfi\n# This output is used by Xcode 'outputs' to avoid re-running this script phase.\necho \"SUCCESS\" > \"${SCRIPT_OUTPUT_FILE_0}\"\n";
			showEnvVarsInLog = 0;
		};
		96D72F8E250C3D11DF994F6D /* [CP] Check Pods Manifest.lock */ = {
			isa = PBXShellScriptBuildPhase;
			buildActionMask = 2147483647;
			files = (
			);
			inputFileListPaths = (
			);
			inputPaths = (
				"${PODS_PODFILE_DIR_PATH}/Podfile.lock",
				"${PODS_ROOT}/Manifest.lock",
			);
			name = "[CP] Check Pods Manifest.lock";
			outputFileListPaths = (
			);
			outputPaths = (
				"$(DERIVED_FILE_DIR)/Pods-ParstagramTests-checkManifestLockResult.txt",
			);
			runOnlyForDeploymentPostprocessing = 0;
			shellPath = /bin/sh;
			shellScript = "diff \"${PODS_PODFILE_DIR_PATH}/Podfile.lock\" \"${PODS_ROOT}/Manifest.lock\" > /dev/null\nif [ $? != 0 ] ; then\n    # print error to STDERR\n    echo \"error: The sandbox is not in sync with the Podfile.lock. Run 'pod install' or update your CocoaPods installation.\" >&2\n    exit 1\nfi\n# This output is used by Xcode 'outputs' to avoid re-running this script phase.\necho \"SUCCESS\" > \"${SCRIPT_OUTPUT_FILE_0}\"\n";
			showEnvVarsInLog = 0;
		};
		E841DABBE57F4CBDB792F3EE /* [CP] Check Pods Manifest.lock */ = {
			isa = PBXShellScriptBuildPhase;
			buildActionMask = 2147483647;
			files = (
			);
			inputFileListPaths = (
			);
			inputPaths = (
				"${PODS_PODFILE_DIR_PATH}/Podfile.lock",
				"${PODS_ROOT}/Manifest.lock",
			);
			name = "[CP] Check Pods Manifest.lock";
			outputFileListPaths = (
			);
			outputPaths = (
				"$(DERIVED_FILE_DIR)/Pods-ParstagramUITests-checkManifestLockResult.txt",
			);
			runOnlyForDeploymentPostprocessing = 0;
			shellPath = /bin/sh;
			shellScript = "diff \"${PODS_PODFILE_DIR_PATH}/Podfile.lock\" \"${PODS_ROOT}/Manifest.lock\" > /dev/null\nif [ $? != 0 ] ; then\n    # print error to STDERR\n    echo \"error: The sandbox is not in sync with the Podfile.lock. Run 'pod install' or update your CocoaPods installation.\" >&2\n    exit 1\nfi\n# This output is used by Xcode 'outputs' to avoid re-running this script phase.\necho \"SUCCESS\" > \"${SCRIPT_OUTPUT_FILE_0}\"\n";
			showEnvVarsInLog = 0;
		};
/* End PBXShellScriptBuildPhase section */

/* Begin PBXSourcesBuildPhase section */
		18DD50772219EB7D002B3DCD /* Sources */ = {
			isa = PBXSourcesBuildPhase;
			buildActionMask = 2147483647;
			files = (
				186506262219F5AC0070B52C /* LoginViewController.swift in Sources */,
				18CF7241221A20050034DECC /* CameraViewController.swift in Sources */,
				186506282219F5BA0070B52C /* FeedViewController.swift in Sources */,
				18DD507F2219EB7D002B3DCD /* AppDelegate.swift in Sources */,
				18CF7243221A2BE00034DECC /* PostCell.swift in Sources */,
			);
			runOnlyForDeploymentPostprocessing = 0;
		};
		18DD508B2219EB7F002B3DCD /* Sources */ = {
			isa = PBXSourcesBuildPhase;
			buildActionMask = 2147483647;
			files = (
				18DD50942219EB7F002B3DCD /* ParstagramTests.swift in Sources */,
			);
			runOnlyForDeploymentPostprocessing = 0;
		};
		18DD50962219EB7F002B3DCD /* Sources */ = {
			isa = PBXSourcesBuildPhase;
			buildActionMask = 2147483647;
			files = (
				18DD509F2219EB7F002B3DCD /* ParstagramUITests.swift in Sources */,
			);
			runOnlyForDeploymentPostprocessing = 0;
		};
/* End PBXSourcesBuildPhase section */

/* Begin PBXTargetDependency section */
		18DD50912219EB7F002B3DCD /* PBXTargetDependency */ = {
			isa = PBXTargetDependency;
			target = 18DD507A2219EB7D002B3DCD /* Parstagram */;
			targetProxy = 18DD50902219EB7F002B3DCD /* PBXContainerItemProxy */;
		};
		18DD509C2219EB7F002B3DCD /* PBXTargetDependency */ = {
			isa = PBXTargetDependency;
			target = 18DD507A2219EB7D002B3DCD /* Parstagram */;
			targetProxy = 18DD509B2219EB7F002B3DCD /* PBXContainerItemProxy */;
		};
/* End PBXTargetDependency section */

/* Begin PBXVariantGroup section */
		18DD50822219EB7D002B3DCD /* Main.storyboard */ = {
			isa = PBXVariantGroup;
			children = (
				18DD50832219EB7D002B3DCD /* Base */,
			);
			name = Main.storyboard;
			sourceTree = "<group>";
		};
		18DD50872219EB7F002B3DCD /* LaunchScreen.storyboard */ = {
			isa = PBXVariantGroup;
			children = (
				18DD50882219EB7F002B3DCD /* Base */,
			);
			name = LaunchScreen.storyboard;
			sourceTree = "<group>";
		};
/* End PBXVariantGroup section */

/* Begin XCBuildConfiguration section */
		18DD50A12219EB7F002B3DCD /* Debug */ = {
			isa = XCBuildConfiguration;
			buildSettings = {
				ALWAYS_SEARCH_USER_PATHS = NO;
				CLANG_ANALYZER_NONNULL = YES;
				CLANG_ANALYZER_NUMBER_OBJECT_CONVERSION = YES_AGGRESSIVE;
				CLANG_CXX_LANGUAGE_STANDARD = "gnu++14";
				CLANG_CXX_LIBRARY = "libc++";
				CLANG_ENABLE_MODULES = YES;
				CLANG_ENABLE_OBJC_ARC = YES;
				CLANG_ENABLE_OBJC_WEAK = YES;
				CLANG_WARN_BLOCK_CAPTURE_AUTORELEASING = YES;
				CLANG_WARN_BOOL_CONVERSION = YES;
				CLANG_WARN_COMMA = YES;
				CLANG_WARN_CONSTANT_CONVERSION = YES;
				CLANG_WARN_DEPRECATED_OBJC_IMPLEMENTATIONS = YES;
				CLANG_WARN_DIRECT_OBJC_ISA_USAGE = YES_ERROR;
				CLANG_WARN_DOCUMENTATION_COMMENTS = YES;
				CLANG_WARN_EMPTY_BODY = YES;
				CLANG_WARN_ENUM_CONVERSION = YES;
				CLANG_WARN_INFINITE_RECURSION = YES;
				CLANG_WARN_INT_CONVERSION = YES;
				CLANG_WARN_NON_LITERAL_NULL_CONVERSION = YES;
				CLANG_WARN_OBJC_IMPLICIT_RETAIN_SELF = YES;
				CLANG_WARN_OBJC_LITERAL_CONVERSION = YES;
				CLANG_WARN_OBJC_ROOT_CLASS = YES_ERROR;
				CLANG_WARN_RANGE_LOOP_ANALYSIS = YES;
				CLANG_WARN_STRICT_PROTOTYPES = YES;
				CLANG_WARN_SUSPICIOUS_MOVE = YES;
				CLANG_WARN_UNGUARDED_AVAILABILITY = YES_AGGRESSIVE;
				CLANG_WARN_UNREACHABLE_CODE = YES;
				CLANG_WARN__DUPLICATE_METHOD_MATCH = YES;
				CODE_SIGN_IDENTITY = "iPhone Developer";
				COPY_PHASE_STRIP = NO;
				DEBUG_INFORMATION_FORMAT = dwarf;
				ENABLE_STRICT_OBJC_MSGSEND = YES;
				ENABLE_TESTABILITY = YES;
				GCC_C_LANGUAGE_STANDARD = gnu11;
				GCC_DYNAMIC_NO_PIC = NO;
				GCC_NO_COMMON_BLOCKS = YES;
				GCC_OPTIMIZATION_LEVEL = 0;
				GCC_PREPROCESSOR_DEFINITIONS = (
					"DEBUG=1",
					"$(inherited)",
				);
				GCC_WARN_64_TO_32_BIT_CONVERSION = YES;
				GCC_WARN_ABOUT_RETURN_TYPE = YES_ERROR;
				GCC_WARN_UNDECLARED_SELECTOR = YES;
				GCC_WARN_UNINITIALIZED_AUTOS = YES_AGGRESSIVE;
				GCC_WARN_UNUSED_FUNCTION = YES;
				GCC_WARN_UNUSED_VARIABLE = YES;
				IPHONEOS_DEPLOYMENT_TARGET = 12.1;
				MTL_ENABLE_DEBUG_INFO = INCLUDE_SOURCE;
				MTL_FAST_MATH = YES;
				ONLY_ACTIVE_ARCH = YES;
				SDKROOT = iphoneos;
				SWIFT_ACTIVE_COMPILATION_CONDITIONS = DEBUG;
				SWIFT_OPTIMIZATION_LEVEL = "-Onone";
			};
			name = Debug;
		};
		18DD50A22219EB7F002B3DCD /* Release */ = {
			isa = XCBuildConfiguration;
			buildSettings = {
				ALWAYS_SEARCH_USER_PATHS = NO;
				CLANG_ANALYZER_NONNULL = YES;
				CLANG_ANALYZER_NUMBER_OBJECT_CONVERSION = YES_AGGRESSIVE;
				CLANG_CXX_LANGUAGE_STANDARD = "gnu++14";
				CLANG_CXX_LIBRARY = "libc++";
				CLANG_ENABLE_MODULES = YES;
				CLANG_ENABLE_OBJC_ARC = YES;
				CLANG_ENABLE_OBJC_WEAK = YES;
				CLANG_WARN_BLOCK_CAPTURE_AUTORELEASING = YES;
				CLANG_WARN_BOOL_CONVERSION = YES;
				CLANG_WARN_COMMA = YES;
				CLANG_WARN_CONSTANT_CONVERSION = YES;
				CLANG_WARN_DEPRECATED_OBJC_IMPLEMENTATIONS = YES;
				CLANG_WARN_DIRECT_OBJC_ISA_USAGE = YES_ERROR;
				CLANG_WARN_DOCUMENTATION_COMMENTS = YES;
				CLANG_WARN_EMPTY_BODY = YES;
				CLANG_WARN_ENUM_CONVERSION = YES;
				CLANG_WARN_INFINITE_RECURSION = YES;
				CLANG_WARN_INT_CONVERSION = YES;
				CLANG_WARN_NON_LITERAL_NULL_CONVERSION = YES;
				CLANG_WARN_OBJC_IMPLICIT_RETAIN_SELF = YES;
				CLANG_WARN_OBJC_LITERAL_CONVERSION = YES;
				CLANG_WARN_OBJC_ROOT_CLASS = YES_ERROR;
				CLANG_WARN_RANGE_LOOP_ANALYSIS = YES;
				CLANG_WARN_STRICT_PROTOTYPES = YES;
				CLANG_WARN_SUSPICIOUS_MOVE = YES;
				CLANG_WARN_UNGUARDED_AVAILABILITY = YES_AGGRESSIVE;
				CLANG_WARN_UNREACHABLE_CODE = YES;
				CLANG_WARN__DUPLICATE_METHOD_MATCH = YES;
				CODE_SIGN_IDENTITY = "iPhone Developer";
				COPY_PHASE_STRIP = NO;
				DEBUG_INFORMATION_FORMAT = "dwarf-with-dsym";
				ENABLE_NS_ASSERTIONS = NO;
				ENABLE_STRICT_OBJC_MSGSEND = YES;
				GCC_C_LANGUAGE_STANDARD = gnu11;
				GCC_NO_COMMON_BLOCKS = YES;
				GCC_WARN_64_TO_32_BIT_CONVERSION = YES;
				GCC_WARN_ABOUT_RETURN_TYPE = YES_ERROR;
				GCC_WARN_UNDECLARED_SELECTOR = YES;
				GCC_WARN_UNINITIALIZED_AUTOS = YES_AGGRESSIVE;
				GCC_WARN_UNUSED_FUNCTION = YES;
				GCC_WARN_UNUSED_VARIABLE = YES;
				IPHONEOS_DEPLOYMENT_TARGET = 12.1;
				MTL_ENABLE_DEBUG_INFO = NO;
				MTL_FAST_MATH = YES;
				SDKROOT = iphoneos;
				SWIFT_COMPILATION_MODE = wholemodule;
				SWIFT_OPTIMIZATION_LEVEL = "-O";
				VALIDATE_PRODUCT = YES;
			};
			name = Release;
		};
		18DD50A42219EB7F002B3DCD /* Debug */ = {
			isa = XCBuildConfiguration;
			baseConfigurationReference = F429B998C937490B7D39EDC1 /* Pods-Parstagram.debug.xcconfig */;
			buildSettings = {
				ASSETCATALOG_COMPILER_APPICON_NAME = AppIcon;
				CODE_SIGN_STYLE = Automatic;
				INFOPLIST_FILE = Parstagram/Info.plist;
				LD_RUNPATH_SEARCH_PATHS = (
					"$(inherited)",
					"@executable_path/Frameworks",
				);
				PRODUCT_BUNDLE_IDENTIFIER = com.codepath.Parstagram;
				PRODUCT_NAME = "$(TARGET_NAME)";
				SWIFT_VERSION = 4.2;
				TARGETED_DEVICE_FAMILY = "1,2";
			};
			name = Debug;
		};
		18DD50A52219EB7F002B3DCD /* Release */ = {
			isa = XCBuildConfiguration;
			baseConfigurationReference = B043368D377C677D9BA56FC1 /* Pods-Parstagram.release.xcconfig */;
			buildSettings = {
				ASSETCATALOG_COMPILER_APPICON_NAME = AppIcon;
				CODE_SIGN_STYLE = Automatic;
				INFOPLIST_FILE = Parstagram/Info.plist;
				LD_RUNPATH_SEARCH_PATHS = (
					"$(inherited)",
					"@executable_path/Frameworks",
				);
				PRODUCT_BUNDLE_IDENTIFIER = com.codepath.Parstagram;
				PRODUCT_NAME = "$(TARGET_NAME)";
				SWIFT_VERSION = 4.2;
				TARGETED_DEVICE_FAMILY = "1,2";
			};
			name = Release;
		};
		18DD50A72219EB7F002B3DCD /* Debug */ = {
			isa = XCBuildConfiguration;
			baseConfigurationReference = 27C80008C4D26CB2FA2ED18A /* Pods-ParstagramTests.debug.xcconfig */;
			buildSettings = {
				ALWAYS_EMBED_SWIFT_STANDARD_LIBRARIES = YES;
				BUNDLE_LOADER = "$(TEST_HOST)";
				CODE_SIGN_STYLE = Automatic;
				INFOPLIST_FILE = ParstagramTests/Info.plist;
				LD_RUNPATH_SEARCH_PATHS = (
					"$(inherited)",
					"@executable_path/Frameworks",
					"@loader_path/Frameworks",
				);
				PRODUCT_BUNDLE_IDENTIFIER = com.codepath.ParstagramTests;
				PRODUCT_NAME = "$(TARGET_NAME)";
				SWIFT_VERSION = 4.2;
				TARGETED_DEVICE_FAMILY = "1,2";
				TEST_HOST = "$(BUILT_PRODUCTS_DIR)/Parstagram.app/Parstagram";
			};
			name = Debug;
		};
		18DD50A82219EB7F002B3DCD /* Release */ = {
			isa = XCBuildConfiguration;
			baseConfigurationReference = 65BDCF07AA61740A67DB79F0 /* Pods-ParstagramTests.release.xcconfig */;
			buildSettings = {
				ALWAYS_EMBED_SWIFT_STANDARD_LIBRARIES = YES;
				BUNDLE_LOADER = "$(TEST_HOST)";
				CODE_SIGN_STYLE = Automatic;
				INFOPLIST_FILE = ParstagramTests/Info.plist;
				LD_RUNPATH_SEARCH_PATHS = (
					"$(inherited)",
					"@executable_path/Frameworks",
					"@loader_path/Frameworks",
				);
				PRODUCT_BUNDLE_IDENTIFIER = com.codepath.ParstagramTests;
				PRODUCT_NAME = "$(TARGET_NAME)";
				SWIFT_VERSION = 4.2;
				TARGETED_DEVICE_FAMILY = "1,2";
				TEST_HOST = "$(BUILT_PRODUCTS_DIR)/Parstagram.app/Parstagram";
			};
			name = Release;
		};
		18DD50AA2219EB7F002B3DCD /* Debug */ = {
			isa = XCBuildConfiguration;
			baseConfigurationReference = CAB84B696A28C26C963B19AC /* Pods-ParstagramUITests.debug.xcconfig */;
			buildSettings = {
				ALWAYS_EMBED_SWIFT_STANDARD_LIBRARIES = YES;
				CODE_SIGN_STYLE = Automatic;
				INFOPLIST_FILE = ParstagramUITests/Info.plist;
				LD_RUNPATH_SEARCH_PATHS = (
					"$(inherited)",
					"@executable_path/Frameworks",
					"@loader_path/Frameworks",
				);
				PRODUCT_BUNDLE_IDENTIFIER = com.codepath.ParstagramUITests;
				PRODUCT_NAME = "$(TARGET_NAME)";
				SWIFT_VERSION = 4.2;
				TARGETED_DEVICE_FAMILY = "1,2";
				TEST_TARGET_NAME = Parstagram;
			};
			name = Debug;
		};
		18DD50AB2219EB7F002B3DCD /* Release */ = {
			isa = XCBuildConfiguration;
			baseConfigurationReference = AA31794A6B6D0057C9271F0F /* Pods-ParstagramUITests.release.xcconfig */;
			buildSettings = {
				ALWAYS_EMBED_SWIFT_STANDARD_LIBRARIES = YES;
				CODE_SIGN_STYLE = Automatic;
				INFOPLIST_FILE = ParstagramUITests/Info.plist;
				LD_RUNPATH_SEARCH_PATHS = (
					"$(inherited)",
					"@executable_path/Frameworks",
					"@loader_path/Frameworks",
				);
				PRODUCT_BUNDLE_IDENTIFIER = com.codepath.ParstagramUITests;
				PRODUCT_NAME = "$(TARGET_NAME)";
				SWIFT_VERSION = 4.2;
				TARGETED_DEVICE_FAMILY = "1,2";
				TEST_TARGET_NAME = Parstagram;
			};
			name = Release;
		};
/* End XCBuildConfiguration section */

/* Begin XCConfigurationList section */
		18DD50762219EB7D002B3DCD /* Build configuration list for PBXProject "Parstagram" */ = {
			isa = XCConfigurationList;
			buildConfigurations = (
				18DD50A12219EB7F002B3DCD /* Debug */,
				18DD50A22219EB7F002B3DCD /* Release */,
			);
			defaultConfigurationIsVisible = 0;
			defaultConfigurationName = Release;
		};
		18DD50A32219EB7F002B3DCD /* Build configuration list for PBXNativeTarget "Parstagram" */ = {
			isa = XCConfigurationList;
			buildConfigurations = (
				18DD50A42219EB7F002B3DCD /* Debug */,
				18DD50A52219EB7F002B3DCD /* Release */,
			);
			defaultConfigurationIsVisible = 0;
			defaultConfigurationName = Release;
		};
		18DD50A62219EB7F002B3DCD /* Build configuration list for PBXNativeTarget "ParstagramTests" */ = {
			isa = XCConfigurationList;
			buildConfigurations = (
				18DD50A72219EB7F002B3DCD /* Debug */,
				18DD50A82219EB7F002B3DCD /* Release */,
			);
			defaultConfigurationIsVisible = 0;
			defaultConfigurationName = Release;
		};
		18DD50A92219EB7F002B3DCD /* Build configuration list for PBXNativeTarget "ParstagramUITests" */ = {
			isa = XCConfigurationList;
			buildConfigurations = (
				18DD50AA2219EB7F002B3DCD /* Debug */,
				18DD50AB2219EB7F002B3DCD /* Release */,
			);
			defaultConfigurationIsVisible = 0;
			defaultConfigurationName = Release;
		};
/* End XCConfigurationList section */
	};
	rootObject = 18DD50732219EB7D002B3DCD /* Project object */;
}
